
Microsoft Visual Studio Solution File, Format Version 12.00
# Visual Studio 15
VisualStudioVersion = 15.0.27703.2042
MinimumVisualStudioVersion = 10.0.40219.1
Project("{9A19103F-16F7-4668-BE54-9A1E7A4F7556}") = "Api", "Api\Api.csproj", "{1301A0EF-8608-41A8-B528-1A74569D5D81}"
EndProject
Project("{9A19103F-16F7-4668-BE54-9A1E7A4F7556}") = "Data", "Data\Data.csproj", "{FF995658-CA06-4043-B91F-73352B36005A}"
EndProject
Project("{9A19103F-16F7-4668-BE54-9A1E7A4F7556}") = "TestConsole", "TestConsole\TestConsole.csproj", "{452358E4-AC9D-4F1A-BBBB-3066E9CACB22}"
EndProject
Project("{9A19103F-16F7-4668-BE54-9A1E7A4F7556}") = "Security", "Security\Security.csproj", "{F9A0D28E-3DFE-40C2-89B1-25D74480322C}"
EndProject
Project("{9A19103F-16F7-4668-BE54-9A1E7A4F7556}") = "Business.Data", "BusinessData\Business.Data.csproj", "{A629DF88-E177-4B13-A7E0-C3949088D6C3}"
EndProject
Project("{9A19103F-16F7-4668-BE54-9A1E7A4F7556}") = "ResourceData", "ResourceData\ResourceData.csproj", "{D6F8DC54-D835-4B4D-88B1-178AA46A958A}"
EndProject
Project("{9A19103F-16F7-4668-BE54-9A1E7A4F7556}") = "Exception", "Exception\Exception.csproj", "{4E517647-369C-4063-A43A-60B20FF9F6F4}"
EndProject
Project("{9A19103F-16F7-4668-BE54-9A1E7A4F7556}") = "Core", "Core\Core.csproj", "{13BB35F1-D02C-40DF-BD27-A62B2443CF44}"
EndProject
Project("{9A19103F-16F7-4668-BE54-9A1E7A4F7556}") = "WebApplication", "WebApp\WebApplication.csproj", "{ED548275-61B5-4AA9-88D9-D46F48B45C4B}"
EndProject
Project("{FAE04EC0-301F-11D3-BF4B-00C04F79EFBC}") = "AppleApplication", "Mobile\AppleApplication\AppleApplication.csproj", "{101E3060-8799-4119-8A7A-4F86A01C0C84}"
EndProject
Global
	GlobalSection(SolutionConfigurationPlatforms) = preSolution
		Debug|Any CPU = Debug|Any CPU
		Debug|iPhone = Debug|iPhone
		Debug|iPhoneSimulator = Debug|iPhoneSimulator
		Release|Any CPU = Release|Any CPU
		Release|iPhone = Release|iPhone
		Release|iPhoneSimulator = Release|iPhoneSimulator
	EndGlobalSection
	GlobalSection(ProjectConfigurationPlatforms) = postSolution
		{1301A0EF-8608-41A8-B528-1A74569D5D81}.Debug|Any CPU.ActiveCfg = Debug|Any CPU
		{1301A0EF-8608-41A8-B528-1A74569D5D81}.Debug|Any CPU.Build.0 = Debug|Any CPU
		{1301A0EF-8608-41A8-B528-1A74569D5D81}.Debug|iPhone.ActiveCfg = Debug|Any CPU
		{1301A0EF-8608-41A8-B528-1A74569D5D81}.Debug|iPhone.Build.0 = Debug|Any CPU
		{1301A0EF-8608-41A8-B528-1A74569D5D81}.Debug|iPhoneSimulator.ActiveCfg = Debug|Any CPU
		{1301A0EF-8608-41A8-B528-1A74569D5D81}.Debug|iPhoneSimulator.Build.0 = Debug|Any CPU
		{1301A0EF-8608-41A8-B528-1A74569D5D81}.Release|Any CPU.ActiveCfg = Release|Any CPU
		{1301A0EF-8608-41A8-B528-1A74569D5D81}.Release|Any CPU.Build.0 = Release|Any CPU
		{1301A0EF-8608-41A8-B528-1A74569D5D81}.Release|iPhone.ActiveCfg = Release|Any CPU
		{1301A0EF-8608-41A8-B528-1A74569D5D81}.Release|iPhone.Build.0 = Release|Any CPU
		{1301A0EF-8608-41A8-B528-1A74569D5D81}.Release|iPhoneSimulator.ActiveCfg = Release|Any CPU
		{1301A0EF-8608-41A8-B528-1A74569D5D81}.Release|iPhoneSimulator.Build.0 = Release|Any CPU
		{FF995658-CA06-4043-B91F-73352B36005A}.Debug|Any CPU.ActiveCfg = Debug|Any CPU
		{FF995658-CA06-4043-B91F-73352B36005A}.Debug|Any CPU.Build.0 = Debug|Any CPU
		{FF995658-CA06-4043-B91F-73352B36005A}.Debug|iPhone.ActiveCfg = Debug|Any CPU
		{FF995658-CA06-4043-B91F-73352B36005A}.Debug|iPhone.Build.0 = Debug|Any CPU
		{FF995658-CA06-4043-B91F-73352B36005A}.Debug|iPhoneSimulator.ActiveCfg = Debug|Any CPU
		{FF995658-CA06-4043-B91F-73352B36005A}.Debug|iPhoneSimulator.Build.0 = Debug|Any CPU
		{FF995658-CA06-4043-B91F-73352B36005A}.Release|Any CPU.ActiveCfg = Release|Any CPU
		{FF995658-CA06-4043-B91F-73352B36005A}.Release|Any CPU.Build.0 = Release|Any CPU
		{FF995658-CA06-4043-B91F-73352B36005A}.Release|iPhone.ActiveCfg = Release|Any CPU
		{FF995658-CA06-4043-B91F-73352B36005A}.Release|iPhone.Build.0 = Release|Any CPU
		{FF995658-CA06-4043-B91F-73352B36005A}.Release|iPhoneSimulator.ActiveCfg = Release|Any CPU
		{FF995658-CA06-4043-B91F-73352B36005A}.Release|iPhoneSimulator.Build.0 = Release|Any CPU
		{452358E4-AC9D-4F1A-BBBB-3066E9CACB22}.Debug|Any CPU.ActiveCfg = Debug|Any CPU
		{452358E4-AC9D-4F1A-BBBB-3066E9CACB22}.Debug|Any CPU.Build.0 = Debug|Any CPU
		{452358E4-AC9D-4F1A-BBBB-3066E9CACB22}.Debug|iPhone.ActiveCfg = Debug|Any CPU
		{452358E4-AC9D-4F1A-BBBB-3066E9CACB22}.Debug|iPhone.Build.0 = Debug|Any CPU
		{452358E4-AC9D-4F1A-BBBB-3066E9CACB22}.Debug|iPhoneSimulator.ActiveCfg = Debug|Any CPU
		{452358E4-AC9D-4F1A-BBBB-3066E9CACB22}.Debug|iPhoneSimulator.Build.0 = Debug|Any CPU
		{452358E4-AC9D-4F1A-BBBB-3066E9CACB22}.Release|Any CPU.ActiveCfg = Release|Any CPU
		{452358E4-AC9D-4F1A-BBBB-3066E9CACB22}.Release|Any CPU.Build.0 = Release|Any CPU
		{452358E4-AC9D-4F1A-BBBB-3066E9CACB22}.Release|iPhone.ActiveCfg = Release|Any CPU
		{452358E4-AC9D-4F1A-BBBB-3066E9CACB22}.Release|iPhone.Build.0 = Release|Any CPU
		{452358E4-AC9D-4F1A-BBBB-3066E9CACB22}.Release|iPhoneSimulator.ActiveCfg = Release|Any CPU
		{452358E4-AC9D-4F1A-BBBB-3066E9CACB22}.Release|iPhoneSimulator.Build.0 = Release|Any CPU
		{F9A0D28E-3DFE-40C2-89B1-25D74480322C}.Debug|Any CPU.ActiveCfg = Debug|Any CPU
		{F9A0D28E-3DFE-40C2-89B1-25D74480322C}.Debug|Any CPU.Build.0 = Debug|Any CPU
		{F9A0D28E-3DFE-40C2-89B1-25D74480322C}.Debug|iPhone.ActiveCfg = Debug|Any CPU
		{F9A0D28E-3DFE-40C2-89B1-25D74480322C}.Debug|iPhone.Build.0 = Debug|Any CPU
		{F9A0D28E-3DFE-40C2-89B1-25D74480322C}.Debug|iPhoneSimulator.ActiveCfg = Debug|Any CPU
		{F9A0D28E-3DFE-40C2-89B1-25D74480322C}.Debug|iPhoneSimulator.Build.0 = Debug|Any CPU
		{F9A0D28E-3DFE-40C2-89B1-25D74480322C}.Release|Any CPU.ActiveCfg = Release|Any CPU
		{F9A0D28E-3DFE-40C2-89B1-25D74480322C}.Release|Any CPU.Build.0 = Release|Any CPU
		{F9A0D28E-3DFE-40C2-89B1-25D74480322C}.Release|iPhone.ActiveCfg = Release|Any CPU
		{F9A0D28E-3DFE-40C2-89B1-25D74480322C}.Release|iPhone.Build.0 = Release|Any CPU
		{F9A0D28E-3DFE-40C2-89B1-25D74480322C}.Release|iPhoneSimulator.ActiveCfg = Release|Any CPU
		{F9A0D28E-3DFE-40C2-89B1-25D74480322C}.Release|iPhoneSimulator.Build.0 = Release|Any CPU
		{A629DF88-E177-4B13-A7E0-C3949088D6C3}.Debug|Any CPU.ActiveCfg = Debug|Any CPU
		{A629DF88-E177-4B13-A7E0-C3949088D6C3}.Debug|Any CPU.Build.0 = Debug|Any CPU
		{A629DF88-E177-4B13-A7E0-C3949088D6C3}.Debug|iPhone.ActiveCfg = Debug|Any CPU
		{A629DF88-E177-4B13-A7E0-C3949088D6C3}.Debug|iPhone.Build.0 = Debug|Any CPU
		{A629DF88-E177-4B13-A7E0-C3949088D6C3}.Debug|iPhoneSimulator.ActiveCfg = Debug|Any CPU
		{A629DF88-E177-4B13-A7E0-C3949088D6C3}.Debug|iPhoneSimulator.Build.0 = Debug|Any CPU
		{A629DF88-E177-4B13-A7E0-C3949088D6C3}.Release|Any CPU.ActiveCfg = Release|Any CPU
		{A629DF88-E177-4B13-A7E0-C3949088D6C3}.Release|Any CPU.Build.0 = Release|Any CPU
		{A629DF88-E177-4B13-A7E0-C3949088D6C3}.Release|iPhone.ActiveCfg = Release|Any CPU
		{A629DF88-E177-4B13-A7E0-C3949088D6C3}.Release|iPhone.Build.0 = Release|Any CPU
		{A629DF88-E177-4B13-A7E0-C3949088D6C3}.Release|iPhoneSimulator.ActiveCfg = Release|Any CPU
		{A629DF88-E177-4B13-A7E0-C3949088D6C3}.Release|iPhoneSimulator.Build.0 = Release|Any CPU
		{D6F8DC54-D835-4B4D-88B1-178AA46A958A}.Debug|Any CPU.ActiveCfg = Debug|Any CPU
		{D6F8DC54-D835-4B4D-88B1-178AA46A958A}.Debug|Any CPU.Build.0 = Debug|Any CPU
		{D6F8DC54-D835-4B4D-88B1-178AA46A958A}.Debug|iPhone.ActiveCfg = Debug|Any CPU
		{D6F8DC54-D835-4B4D-88B1-178AA46A958A}.Debug|iPhone.Build.0 = Debug|Any CPU
		{D6F8DC54-D835-4B4D-88B1-178AA46A958A}.Debug|iPhoneSimulator.ActiveCfg = Debug|Any CPU
		{D6F8DC54-D835-4B4D-88B1-178AA46A958A}.Debug|iPhoneSimulator.Build.0 = Debug|Any CPU
		{D6F8DC54-D835-4B4D-88B1-178AA46A958A}.Release|Any CPU.ActiveCfg = Release|Any CPU
		{D6F8DC54-D835-4B4D-88B1-178AA46A958A}.Release|Any CPU.Build.0 = Release|Any CPU
		{D6F8DC54-D835-4B4D-88B1-178AA46A958A}.Release|iPhone.ActiveCfg = Release|Any CPU
		{D6F8DC54-D835-4B4D-88B1-178AA46A958A}.Release|iPhone.Build.0 = Release|Any CPU
		{D6F8DC54-D835-4B4D-88B1-178AA46A958A}.Release|iPhoneSimulator.ActiveCfg = Release|Any CPU
		{D6F8DC54-D835-4B4D-88B1-178AA46A958A}.Release|iPhoneSimulator.Build.0 = Release|Any CPU
		{4E517647-369C-4063-A43A-60B20FF9F6F4}.Debug|Any CPU.ActiveCfg = Debug|Any CPU
		{4E517647-369C-4063-A43A-60B20FF9F6F4}.Debug|Any CPU.Build.0 = Debug|Any CPU
		{4E517647-369C-4063-A43A-60B20FF9F6F4}.Debug|iPhone.ActiveCfg = Debug|Any CPU
		{4E517647-369C-4063-A43A-60B20FF9F6F4}.Debug|iPhone.Build.0 = Debug|Any CPU
		{4E517647-369C-4063-A43A-60B20FF9F6F4}.Debug|iPhoneSimulator.ActiveCfg = Debug|Any CPU
		{4E517647-369C-4063-A43A-60B20FF9F6F4}.Debug|iPhoneSimulator.Build.0 = Debug|Any CPU
		{4E517647-369C-4063-A43A-60B20FF9F6F4}.Release|Any CPU.ActiveCfg = Release|Any CPU
		{4E517647-369C-4063-A43A-60B20FF9F6F4}.Release|Any CPU.Build.0 = Release|Any CPU
		{4E517647-369C-4063-A43A-60B20FF9F6F4}.Release|iPhone.ActiveCfg = Release|Any CPU
		{4E517647-369C-4063-A43A-60B20FF9F6F4}.Release|iPhone.Build.0 = Release|Any CPU
		{4E517647-369C-4063-A43A-60B20FF9F6F4}.Release|iPhoneSimulator.ActiveCfg = Release|Any CPU
		{4E517647-369C-4063-A43A-60B20FF9F6F4}.Release|iPhoneSimulator.Build.0 = Release|Any CPU
		{13BB35F1-D02C-40DF-BD27-A62B2443CF44}.Debug|Any CPU.ActiveCfg = Debug|Any CPU
		{13BB35F1-D02C-40DF-BD27-A62B2443CF44}.Debug|Any CPU.Build.0 = Debug|Any CPU
		{13BB35F1-D02C-40DF-BD27-A62B2443CF44}.Debug|iPhone.ActiveCfg = Debug|Any CPU
		{13BB35F1-D02C-40DF-BD27-A62B2443CF44}.Debug|iPhone.Build.0 = Debug|Any CPU
		{13BB35F1-D02C-40DF-BD27-A62B2443CF44}.Debug|iPhoneSimulator.ActiveCfg = Debug|Any CPU
		{13BB35F1-D02C-40DF-BD27-A62B2443CF44}.Debug|iPhoneSimulator.Build.0 = Debug|Any CPU
		{13BB35F1-D02C-40DF-BD27-A62B2443CF44}.Release|Any CPU.ActiveCfg = Release|Any CPU
		{13BB35F1-D02C-40DF-BD27-A62B2443CF44}.Release|Any CPU.Build.0 = Release|Any CPU
		{13BB35F1-D02C-40DF-BD27-A62B2443CF44}.Release|iPhone.ActiveCfg = Release|Any CPU
		{13BB35F1-D02C-40DF-BD27-A62B2443CF44}.Release|iPhone.Build.0 = Release|Any CPU
		{13BB35F1-D02C-40DF-BD27-A62B2443CF44}.Release|iPhoneSimulator.ActiveCfg = Release|Any CPU
		{13BB35F1-D02C-40DF-BD27-A62B2443CF44}.Release|iPhoneSimulator.Build.0 = Release|Any CPU
		{ED548275-61B5-4AA9-88D9-D46F48B45C4B}.Debug|Any CPU.ActiveCfg = Debug|Any CPU
		{ED548275-61B5-4AA9-88D9-D46F48B45C4B}.Debug|Any CPU.Build.0 = Debug|Any CPU
		{ED548275-61B5-4AA9-88D9-D46F48B45C4B}.Debug|iPhone.ActiveCfg = Debug|Any CPU
		{ED548275-61B5-4AA9-88D9-D46F48B45C4B}.Debug|iPhone.Build.0 = Debug|Any CPU
		{ED548275-61B5-4AA9-88D9-D46F48B45C4B}.Debug|iPhoneSimulator.ActiveCfg = Debug|Any CPU
		{ED548275-61B5-4AA9-88D9-D46F48B45C4B}.Debug|iPhoneSimulator.Build.0 = Debug|Any CPU
		{ED548275-61B5-4AA9-88D9-D46F48B45C4B}.Release|Any CPU.ActiveCfg = Release|Any CPU
		{ED548275-61B5-4AA9-88D9-D46F48B45C4B}.Release|Any CPU.Build.0 = Release|Any CPU
		{ED548275-61B5-4AA9-88D9-D46F48B45C4B}.Release|iPhone.ActiveCfg = Release|Any CPU
		{ED548275-61B5-4AA9-88D9-D46F48B45C4B}.Release|iPhone.Build.0 = Release|Any CPU
		{ED548275-61B5-4AA9-88D9-D46F48B45C4B}.Release|iPhoneSimulator.ActiveCfg = Release|Any CPU
		{ED548275-61B5-4AA9-88D9-D46F48B45C4B}.Release|iPhoneSimulator.Build.0 = Release|Any CPU
		{101E3060-8799-4119-8A7A-4F86A01C0C84}.Debug|Any CPU.ActiveCfg = Debug|iPhone
		{101E3060-8799-4119-8A7A-4F86A01C0C84}.Debug|iPhone.ActiveCfg = Debug|iPhone
		{101E3060-8799-4119-8A7A-4F86A01C0C84}.Debug|iPhone.Build.0 = Debug|iPhone
		{101E3060-8799-4119-8A7A-4F86A01C0C84}.Debug|iPhoneSimulator.ActiveCfg = Debug|iPhoneSimulator
		{101E3060-8799-4119-8A7A-4F86A01C0C84}.Debug|iPhoneSimulator.Build.0 = Debug|iPhoneSimulator
		{101E3060-8799-4119-8A7A-4F86A01C0C84}.Release|Any CPU.ActiveCfg = Release|iPhone
		{101E3060-8799-4119-8A7A-4F86A01C0C84}.Release|iPhone.ActiveCfg = Release|iPhone
		{101E3060-8799-4119-8A7A-4F86A01C0C84}.Release|iPhone.Build.0 = Release|iPhone
		{101E3060-8799-4119-8A7A-4F86A01C0C84}.Release|iPhoneSimulator.ActiveCfg = Release|iPhoneSimulator
		{101E3060-8799-4119-8A7A-4F86A01C0C84}.Release|iPhoneSimulator.Build.0 = Release|iPhoneSimulator
	EndGlobalSection
	GlobalSection(SolutionProperties) = preSolution
		HideSolutionNode = FALSE
	EndGlobalSection
	GlobalSection(ExtensibilityGlobals) = postSolution
		SolutionGuid = {39A22029-33DE-45A9-89BE-15B52E19D3C3}
	EndGlobalSection
EndGlobal
